<?xml version="1.0" encoding="utf-8"?>
<Project ToolsVersion="4.0" xmlns="http://schemas.microsoft.com/developer/msbuild/2003">
  <ItemGroup>
    <Filter Include="リソース ファイル">
      <UniqueIdentifier>{67DA6AB6-F800-4c08-8B7A-83BB121AAD01}</UniqueIdentifier>
      <Extensions>rc;ico;cur;bmp;dlg;rc2;rct;bin;rgs;gif;jpg;jpeg;jpe;resx;tiff;tif;png;wav;mfcribbon-ms</Extensions>
    </Filter>
    <Filter Include="sceness">
      <UniqueIdentifier>{9fe1df22-3887-40bc-8bfb-1fc4ae165ad0}</UniqueIdentifier>
    </Filter>
    <Filter Include="objects">
      <UniqueIdentifier>{e8f95bf8-de4a-4cd2-8118-761ea95ea7b3}</UniqueIdentifier>
    </Filter>
  </ItemGroup>
  <ItemGroup>
    <ClCompile Include="GScene.cpp">
      <Filter>sceness</Filter>
    </ClCompile>
    <ClCompile Include="GObject.cpp">
      <Filter>objects</Filter>
    </ClCompile>
    <ClCompile Include="GameManager.cpp" />
    <ClCompile Include="GuildMasterSimulator.cpp" />
    <ClCompile Include="TitleScene.cpp">
      <Filter>sceness</Filter>
    </ClCompile>
    <ClCompile Include="Title.cpp">
      <Filter>objects</Filter>
    </ClCompile>
  </ItemGroup>
  <ItemGroup>
    <ClInclude Include="GScene.h">
      <Filter>sceness</Filter>
    </ClInclude>
    <ClInclude Include="GObject.h">
      <Filter>objects</Filter>
    </ClInclude>
    <ClInclude Include="Common.h" />
    <ClInclude Include="GameManager.h" />
    <ClInclude Include="TitleScene.h">
      <Filter>sceness</Filter>
    </ClInclude>
    <ClInclude Include="Title.h">
      <Filter>objects</Filter>
    </ClInclude>
  </ItemGroup>
</Project>